// !$*UTF8*$!
{
	archiveVersion = 1;
	classes = {
	};
	objectVersion = 45;
	objects = {

/* Begin PBXBuildFile section */
		1DDD58160DA1D0A300B32029 /* MainMenu.xib in Resources */ = {isa = PBXBuildFile; fileRef = 1DDD58140DA1D0A300B32029 /* MainMenu.xib */; };
		8D11072B0486CEB800E47090 /* InfoPlist.strings in Resources */ = {isa = PBXBuildFile; fileRef = 089C165CFE840E0CC02AAC07 /* InfoPlist.strings */; };
		8D11072D0486CEB800E47090 /* main.m in Sources */ = {isa = PBXBuildFile; fileRef = 29B97316FDCFA39411CA2CEA /* main.m */; settings = {ATTRIBUTES = (); }; };
		8D11072F0486CEB800E47090 /* Cocoa.framework in Frameworks */ = {isa = PBXBuildFile; fileRef = 1058C7A1FEA54F0111CA2CBB /* Cocoa.framework */; };
		AE17C0C10F73FFC400F8C4C8 /* tcard.png in Resources */ = {isa = PBXBuildFile; fileRef = AE17C0C00F73FFC400F8C4C8 /* tcard.png */; };
		AE17C0E90F74069D00F8C4C8 /* tellybox.icns in Resources */ = {isa = PBXBuildFile; fileRef = AE17C0E80F74069D00F8C4C8 /* tellybox.icns */; };
		AE215D250F16B1B4000E7B70 /* Growl.framework in CopyFiles */ = {isa = PBXBuildFile; fileRef = AEA828CE0F16B0BE0036F466 /* Growl.framework */; };
		AE215D260F16B1B4000E7B70 /* Sparkle.framework in CopyFiles */ = {isa = PBXBuildFile; fileRef = AEA828CF0F16B0BE0036F466 /* Sparkle.framework */; };
		AE215D2E0F16B201000E7B70 /* EmpViewController.m in Sources */ = {isa = PBXBuildFile; fileRef = AE215D2B0F16B201000E7B70 /* EmpViewController.m */; };
		AE215D2F0F16B201000E7B70 /* MainWindowController.m in Sources */ = {isa = PBXBuildFile; fileRef = AE215D2D0F16B201000E7B70 /* MainWindowController.m */; };
		AE215D6F0F16B48A000E7B70 /* live.html in Resources */ = {isa = PBXBuildFile; fileRef = AE215D6D0F16B48A000E7B70 /* live.html */; };
		AE215D700F16B48A000E7B70 /* emp.html in Resources */ = {isa = PBXBuildFile; fileRef = AE215D6E0F16B48A000E7B70 /* emp.html */; };
		AE2347C80F6D74A8003C6025 /* NSString+UUID.m in Sources */ = {isa = PBXBuildFile; fileRef = AE2347B10F6D74A8003C6025 /* NSString+UUID.m */; };
		AE2347C90F6D74A8003C6025 /* NSData+Base64.m in Sources */ = {isa = PBXBuildFile; fileRef = AE2347B30F6D74A8003C6025 /* NSData+Base64.m */; };
		AE2347CA0F6D74A8003C6025 /* MGTwitterXMLParser.m in Sources */ = {isa = PBXBuildFile; fileRef = AE2347B60F6D74A8003C6025 /* MGTwitterXMLParser.m */; };
		AE2347CB0F6D74A8003C6025 /* MGTwitterStatusesParser.m in Sources */ = {isa = PBXBuildFile; fileRef = AE2347B80F6D74A8003C6025 /* MGTwitterStatusesParser.m */; };
		AE2347CC0F6D74A8003C6025 /* MGTwitterUsersParser.m in Sources */ = {isa = PBXBuildFile; fileRef = AE2347BA0F6D74A8003C6025 /* MGTwitterUsersParser.m */; };
		AE2347CD0F6D74A8003C6025 /* MGTwitterMessagesParser.m in Sources */ = {isa = PBXBuildFile; fileRef = AE2347BC0F6D74A8003C6025 /* MGTwitterMessagesParser.m */; };
		AE2347CE0F6D74A8003C6025 /* MGTwitterMiscParser.m in Sources */ = {isa = PBXBuildFile; fileRef = AE2347BE0F6D74A8003C6025 /* MGTwitterMiscParser.m */; };
		AE2347CF0F6D74A8003C6025 /* MGTwitterEngine.m in Sources */ = {isa = PBXBuildFile; fileRef = AE2347C10F6D74A8003C6025 /* MGTwitterEngine.m */; };
		AE2347D00F6D74A8003C6025 /* MGTwitterHTTPURLConnection.m in Sources */ = {isa = PBXBuildFile; fileRef = AE2347C40F6D74A8003C6025 /* MGTwitterHTTPURLConnection.m */; };
		AE2347D40F6D7533003C6025 /* DockView.m in Sources */ = {isa = PBXBuildFile; fileRef = AE2347D30F6D7533003C6025 /* DockView.m */; };
		AE2347D60F6D7548003C6025 /* robot.jpg in Resources */ = {isa = PBXBuildFile; fileRef = AE2347D50F6D7548003C6025 /* robot.jpg */; };
		AE3FF5B40F7A247C006C8B21 /* BBCBroadcast.m in Sources */ = {isa = PBXBuildFile; fileRef = AE3FF5AC0F7A247C006C8B21 /* BBCBroadcast.m */; };
		AE3FF5B50F7A247C006C8B21 /* BBCSchedule.m in Sources */ = {isa = PBXBuildFile; fileRef = AE3FF5AE0F7A247C006C8B21 /* BBCSchedule.m */; };
		AE3FF5B60F7A247C006C8B21 /* BBCService.m in Sources */ = {isa = PBXBuildFile; fileRef = AE3FF5B00F7A247C006C8B21 /* BBCService.m */; };
		AE3FF5B70F7A247C006C8B21 /* DRNSString-Utilities.m in Sources */ = {isa = PBXBuildFile; fileRef = AE3FF5B30F7A247C006C8B21 /* DRNSString-Utilities.m */; };
		AE731D210F72929A00678169 /* tellybox-on.icns in Resources */ = {isa = PBXBuildFile; fileRef = AE731D200F72929A00678169 /* tellybox-on.icns */; };
		AEA8289F0F16B0180036F466 /* AppController.m in Sources */ = {isa = PBXBuildFile; fileRef = AEA828940F16B0180036F466 /* AppController.m */; };
		AEA828A20F16B0180036F466 /* PreferencesWindowController.m in Sources */ = {isa = PBXBuildFile; fileRef = AEA8289A0F16B0180036F466 /* PreferencesWindowController.m */; };
		AEA828AB0F16B0530036F466 /* bbcfour.gif in Resources */ = {isa = PBXBuildFile; fileRef = AEA828A30F16B0530036F466 /* bbcfour.gif */; };
		AEA828AC0F16B0530036F466 /* bbcnews.gif in Resources */ = {isa = PBXBuildFile; fileRef = AEA828A40F16B0530036F466 /* bbcnews.gif */; };
		AEA828AD0F16B0530036F466 /* bbcone.gif in Resources */ = {isa = PBXBuildFile; fileRef = AEA828A50F16B0530036F466 /* bbcone.gif */; };
		AEA828AE0F16B0530036F466 /* bbcthree.gif in Resources */ = {isa = PBXBuildFile; fileRef = AEA828A60F16B0530036F466 /* bbcthree.gif */; };
		AEA828AF0F16B0530036F466 /* bbctwo.gif in Resources */ = {isa = PBXBuildFile; fileRef = AEA828A70F16B0530036F466 /* bbctwo.gif */; };
		AEA828B00F16B0530036F466 /* cbbc.gif in Resources */ = {isa = PBXBuildFile; fileRef = AEA828A80F16B0530036F466 /* cbbc.gif */; };
		AEA828B10F16B0530036F466 /* cbeebies.gif in Resources */ = {isa = PBXBuildFile; fileRef = AEA828A90F16B0530036F466 /* cbeebies.gif */; };
		AEA828B20F16B0530036F466 /* parliament.gif in Resources */ = {isa = PBXBuildFile; fileRef = AEA828AA0F16B0530036F466 /* parliament.gif */; };
		AEA828B80F16B0710036F466 /* dsa_pub.pem in Resources */ = {isa = PBXBuildFile; fileRef = AEA828B40F16B0710036F466 /* dsa_pub.pem */; };
		AEA828BA0F16B0710036F466 /* Growl Registration Ticket.growlRegDict in Resources */ = {isa = PBXBuildFile; fileRef = AEA828B60F16B0710036F466 /* Growl Registration Ticket.growlRegDict */; };
		AEA828BC0F16B0990036F466 /* Defaults.plist in Resources */ = {isa = PBXBuildFile; fileRef = AEA828BB0F16B0990036F466 /* Defaults.plist */; };
		AEA828C00F16B0AE0036F466 /* MainWindow.xib in Resources */ = {isa = PBXBuildFile; fileRef = AEA828BD0F16B0AE0036F466 /* MainWindow.xib */; };
		AEA828C10F16B0AE0036F466 /* EmpView.xib in Resources */ = {isa = PBXBuildFile; fileRef = AEA828BE0F16B0AE0036F466 /* EmpView.xib */; };
		AEA828C20F16B0AE0036F466 /* Preferences.xib in Resources */ = {isa = PBXBuildFile; fileRef = AEA828BF0F16B0AE0036F466 /* Preferences.xib */; };
		AEA828D00F16B0BE0036F466 /* Growl.framework in Frameworks */ = {isa = PBXBuildFile; fileRef = AEA828CE0F16B0BE0036F466 /* Growl.framework */; };
		AEA828D10F16B0BE0036F466 /* Sparkle.framework in Frameworks */ = {isa = PBXBuildFile; fileRef = AEA828CF0F16B0BE0036F466 /* Sparkle.framework */; };
		AEA828FB0F16B0D00036F466 /* WebKit.framework in Frameworks */ = {isa = PBXBuildFile; fileRef = AEA828FA0F16B0D00036F466 /* WebKit.framework */; };
		AED628330F81352B00E2AC2A /* LICENSE.txt in Resources */ = {isa = PBXBuildFile; fileRef = AED6282E0F81352B00E2AC2A /* LICENSE.txt */; };
		AED628340F81352B00E2AC2A /* NSCalendarDate+ISO8601Parsing.m in Sources */ = {isa = PBXBuildFile; fileRef = AED628300F81352B00E2AC2A /* NSCalendarDate+ISO8601Parsing.m */; };
		AED628350F81352B00E2AC2A /* NSCalendarDate+ISO8601Unparsing.m in Sources */ = {isa = PBXBuildFile; fileRef = AED628320F81352B00E2AC2A /* NSCalendarDate+ISO8601Unparsing.m */; };
		AEE32E1D0F702F5A0049E25F /* Credits.rtf in Resources */ = {isa = PBXBuildFile; fileRef = AEE32E1C0F702F5A0049E25F /* Credits.rtf */; };
/* End PBXBuildFile section */

/* Begin PBXCopyFilesBuildPhase section */
		AE215D290F16B1D0000E7B70 /* CopyFiles */ = {
			isa = PBXCopyFilesBuildPhase;
			buildActionMask = 2147483647;
			dstPath = "";
			dstSubfolderSpec = 10;
			files = (
				AE215D250F16B1B4000E7B70 /* Growl.framework in CopyFiles */,
				AE215D260F16B1B4000E7B70 /* Sparkle.framework in CopyFiles */,
			);
			runOnlyForDeploymentPostprocessing = 0;
		};
/* End PBXCopyFilesBuildPhase section */

/* Begin PBXFileReference section */
		089C165DFE840E0CC02AAC07 /* English */ = {isa = PBXFileReference; fileEncoding = 10; lastKnownFileType = text.plist.strings; name = English; path = English.lproj/InfoPlist.strings; sourceTree = "<group>"; };
		1058C7A1FEA54F0111CA2CBB /* Cocoa.framework */ = {isa = PBXFileReference; lastKnownFileType = wrapper.framework; name = Cocoa.framework; path = /System/Library/Frameworks/Cocoa.framework; sourceTree = "<absolute>"; };
		1DDD58150DA1D0A300B32029 /* English */ = {isa = PBXFileReference; lastKnownFileType = file.xib; name = English; path = English.lproj/MainMenu.xib; sourceTree = "<group>"; };
		29B97316FDCFA39411CA2CEA /* main.m */ = {isa = PBXFileReference; fileEncoding = 4; lastKnownFileType = sourcecode.c.objc; path = main.m; sourceTree = "<group>"; };
		29B97324FDCFA39411CA2CEA /* AppKit.framework */ = {isa = PBXFileReference; lastKnownFileType = wrapper.framework; name = AppKit.framework; path = /System/Library/Frameworks/AppKit.framework; sourceTree = "<absolute>"; };
		29B97325FDCFA39411CA2CEA /* Foundation.framework */ = {isa = PBXFileReference; lastKnownFileType = wrapper.framework; name = Foundation.framework; path = /System/Library/Frameworks/Foundation.framework; sourceTree = "<absolute>"; };
		32CA4F630368D1EE00C91783 /* TellyBox_Prefix.pch */ = {isa = PBXFileReference; fileEncoding = 4; lastKnownFileType = sourcecode.c.h; path = TellyBox_Prefix.pch; sourceTree = "<group>"; };
		8D1107310486CEB800E47090 /* Info.plist */ = {isa = PBXFileReference; fileEncoding = 4; lastKnownFileType = text.plist.xml; path = Info.plist; sourceTree = "<group>"; };
		8D1107320486CEB800E47090 /* TellyBox.app */ = {isa = PBXFileReference; explicitFileType = wrapper.application; includeInIndex = 0; path = TellyBox.app; sourceTree = BUILT_PRODUCTS_DIR; };
		AE17C0C00F73FFC400F8C4C8 /* tcard.png */ = {isa = PBXFileReference; lastKnownFileType = image.png; path = tcard.png; sourceTree = "<group>"; };
		AE17C0E80F74069D00F8C4C8 /* tellybox.icns */ = {isa = PBXFileReference; lastKnownFileType = image.icns; path = tellybox.icns; sourceTree = "<group>"; };
		AE215D2A0F16B201000E7B70 /* EmpViewController.h */ = {isa = PBXFileReference; fileEncoding = 4; lastKnownFileType = sourcecode.c.h; path = EmpViewController.h; sourceTree = "<group>"; };
		AE215D2B0F16B201000E7B70 /* EmpViewController.m */ = {isa = PBXFileReference; fileEncoding = 4; lastKnownFileType = sourcecode.c.objc; path = EmpViewController.m; sourceTree = "<group>"; };
		AE215D2C0F16B201000E7B70 /* MainWindowController.h */ = {isa = PBXFileReference; fileEncoding = 4; lastKnownFileType = sourcecode.c.h; path = MainWindowController.h; sourceTree = "<group>"; };
		AE215D2D0F16B201000E7B70 /* MainWindowController.m */ = {isa = PBXFileReference; fileEncoding = 4; lastKnownFileType = sourcecode.c.objc; path = MainWindowController.m; sourceTree = "<group>"; };
		AE215D6D0F16B48A000E7B70 /* live.html */ = {isa = PBXFileReference; fileEncoding = 4; lastKnownFileType = text.html; path = live.html; sourceTree = "<group>"; };
		AE215D6E0F16B48A000E7B70 /* emp.html */ = {isa = PBXFileReference; fileEncoding = 4; lastKnownFileType = text.html; path = emp.html; sourceTree = "<group>"; wrapsLines = 1; };
		AE2347B00F6D74A8003C6025 /* NSString+UUID.h */ = {isa = PBXFileReference; fileEncoding = 4; lastKnownFileType = sourcecode.c.h; path = "NSString+UUID.h"; sourceTree = "<group>"; };
		AE2347B10F6D74A8003C6025 /* NSString+UUID.m */ = {isa = PBXFileReference; fileEncoding = 4; lastKnownFileType = sourcecode.c.objc; path = "NSString+UUID.m"; sourceTree = "<group>"; };
		AE2347B20F6D74A8003C6025 /* NSData+Base64.h */ = {isa = PBXFileReference; fileEncoding = 4; lastKnownFileType = sourcecode.c.h; path = "NSData+Base64.h"; sourceTree = "<group>"; };
		AE2347B30F6D74A8003C6025 /* NSData+Base64.m */ = {isa = PBXFileReference; fileEncoding = 4; lastKnownFileType = sourcecode.c.objc; path = "NSData+Base64.m"; sourceTree = "<group>"; };
		AE2347B50F6D74A8003C6025 /* MGTwitterXMLParser.h */ = {isa = PBXFileReference; fileEncoding = 4; lastKnownFileType = sourcecode.c.h; path = MGTwitterXMLParser.h; sourceTree = "<group>"; };
		AE2347B60F6D74A8003C6025 /* MGTwitterXMLParser.m */ = {isa = PBXFileReference; fileEncoding = 4; lastKnownFileType = sourcecode.c.objc; path = MGTwitterXMLParser.m; sourceTree = "<group>"; };
		AE2347B70F6D74A8003C6025 /* MGTwitterStatusesParser.h */ = {isa = PBXFileReference; fileEncoding = 4; lastKnownFileType = sourcecode.c.h; path = MGTwitterStatusesParser.h; sourceTree = "<group>"; };
		AE2347B80F6D74A8003C6025 /* MGTwitterStatusesParser.m */ = {isa = PBXFileReference; fileEncoding = 4; lastKnownFileType = sourcecode.c.objc; path = MGTwitterStatusesParser.m; sourceTree = "<group>"; };
		AE2347B90F6D74A8003C6025 /* MGTwitterUsersParser.h */ = {isa = PBXFileReference; fileEncoding = 4; lastKnownFileType = sourcecode.c.h; path = MGTwitterUsersParser.h; sourceTree = "<group>"; };
		AE2347BA0F6D74A8003C6025 /* MGTwitterUsersParser.m */ = {isa = PBXFileReference; fileEncoding = 4; lastKnownFileType = sourcecode.c.objc; path = MGTwitterUsersParser.m; sourceTree = "<group>"; };
		AE2347BB0F6D74A8003C6025 /* MGTwitterMessagesParser.h */ = {isa = PBXFileReference; fileEncoding = 4; lastKnownFileType = sourcecode.c.h; path = MGTwitterMessagesParser.h; sourceTree = "<group>"; };
		AE2347BC0F6D74A8003C6025 /* MGTwitterMessagesParser.m */ = {isa = PBXFileReference; fileEncoding = 4; lastKnownFileType = sourcecode.c.objc; path = MGTwitterMessagesParser.m; sourceTree = "<group>"; };
		AE2347BD0F6D74A8003C6025 /* MGTwitterMiscParser.h */ = {isa = PBXFileReference; fileEncoding = 4; lastKnownFileType = sourcecode.c.h; path = MGTwitterMiscParser.h; sourceTree = "<group>"; };
		AE2347BE0F6D74A8003C6025 /* MGTwitterMiscParser.m */ = {isa = PBXFileReference; fileEncoding = 4; lastKnownFileType = sourcecode.c.objc; path = MGTwitterMiscParser.m; sourceTree = "<group>"; };
		AE2347BF0F6D74A8003C6025 /* MGTwitterEngineGlobalHeader.h */ = {isa = PBXFileReference; fileEncoding = 4; lastKnownFileType = sourcecode.c.h; path = MGTwitterEngineGlobalHeader.h; sourceTree = "<group>"; };
		AE2347C00F6D74A8003C6025 /* MGTwitterEngine.h */ = {isa = PBXFileReference; fileEncoding = 4; lastKnownFileType = sourcecode.c.h; path = MGTwitterEngine.h; sourceTree = "<group>"; };
		AE2347C10F6D74A8003C6025 /* MGTwitterEngine.m */ = {isa = PBXFileReference; fileEncoding = 4; lastKnownFileType = sourcecode.c.objc; path = MGTwitterEngine.m; sourceTree = "<group>"; };
		AE2347C20F6D74A8003C6025 /* MGTwitterEngineDelegate.h */ = {isa = PBXFileReference; fileEncoding = 4; lastKnownFileType = sourcecode.c.h; path = MGTwitterEngineDelegate.h; sourceTree = "<group>"; };
		AE2347C30F6D74A8003C6025 /* MGTwitterHTTPURLConnection.h */ = {isa = PBXFileReference; fileEncoding = 4; lastKnownFileType = sourcecode.c.h; path = MGTwitterHTTPURLConnection.h; sourceTree = "<group>"; };
		AE2347C40F6D74A8003C6025 /* MGTwitterHTTPURLConnection.m */ = {isa = PBXFileReference; fileEncoding = 4; lastKnownFileType = sourcecode.c.objc; path = MGTwitterHTTPURLConnection.m; sourceTree = "<group>"; };
		AE2347C50F6D74A8003C6025 /* MGTwitterRequestTypes.h */ = {isa = PBXFileReference; fileEncoding = 4; lastKnownFileType = sourcecode.c.h; path = MGTwitterRequestTypes.h; sourceTree = "<group>"; };
		AE2347C60F6D74A8003C6025 /* MGTwitterParserDelegate.h */ = {isa = PBXFileReference; fileEncoding = 4; lastKnownFileType = sourcecode.c.h; path = MGTwitterParserDelegate.h; sourceTree = "<group>"; };
		AE2347D20F6D7533003C6025 /* DockView.h */ = {isa = PBXFileReference; fileEncoding = 4; lastKnownFileType = sourcecode.c.h; path = DockView.h; sourceTree = "<group>"; };
		AE2347D30F6D7533003C6025 /* DockView.m */ = {isa = PBXFileReference; fileEncoding = 4; lastKnownFileType = sourcecode.c.objc; path = DockView.m; sourceTree = "<group>"; };
		AE2347D50F6D7548003C6025 /* robot.jpg */ = {isa = PBXFileReference; lastKnownFileType = image.jpeg; path = robot.jpg; sourceTree = "<group>"; };
		AE3FF4D20F7A1DF3006C8B21 /* pw_TvAndRadioBotPassword.h */ = {isa = PBXFileReference; fileEncoding = 4; lastKnownFileType = sourcecode.c.h; name = pw_TvAndRadioBotPassword.h; path = "../../code.whomwah.com/public/objective-c/pw_TvAndRadioBotPassword.h"; sourceTree = SOURCE_ROOT; };
		AE3FF5AB0F7A247C006C8B21 /* BBCBroadcast.h */ = {isa = PBXFileReference; fileEncoding = 4; lastKnownFileType = sourcecode.c.h; path = BBCBroadcast.h; sourceTree = "<group>"; };
		AE3FF5AC0F7A247C006C8B21 /* BBCBroadcast.m */ = {isa = PBXFileReference; fileEncoding = 4; lastKnownFileType = sourcecode.c.objc; path = BBCBroadcast.m; sourceTree = "<group>"; };
		AE3FF5AD0F7A247C006C8B21 /* BBCSchedule.h */ = {isa = PBXFileReference; fileEncoding = 4; lastKnownFileType = sourcecode.c.h; path = BBCSchedule.h; sourceTree = "<group>"; };
		AE3FF5AE0F7A247C006C8B21 /* BBCSchedule.m */ = {isa = PBXFileReference; fileEncoding = 4; lastKnownFileType = sourcecode.c.objc; path = BBCSchedule.m; sourceTree = "<group>"; };
		AE3FF5AF0F7A247C006C8B21 /* BBCService.h */ = {isa = PBXFileReference; fileEncoding = 4; lastKnownFileType = sourcecode.c.h; path = BBCService.h; sourceTree = "<group>"; };
		AE3FF5B00F7A247C006C8B21 /* BBCService.m */ = {isa = PBXFileReference; fileEncoding = 4; lastKnownFileType = sourcecode.c.objc; path = BBCService.m; sourceTree = "<group>"; };
		AE3FF5B20F7A247C006C8B21 /* DRNSString-Utilities.h */ = {isa = PBXFileReference; fileEncoding = 4; lastKnownFileType = sourcecode.c.h; path = "DRNSString-Utilities.h"; sourceTree = "<group>"; };
		AE3FF5B30F7A247C006C8B21 /* DRNSString-Utilities.m */ = {isa = PBXFileReference; fileEncoding = 4; lastKnownFileType = sourcecode.c.objc; path = "DRNSString-Utilities.m"; sourceTree = "<group>"; };
		AE731D200F72929A00678169 /* tellybox-on.icns */ = {isa = PBXFileReference; lastKnownFileType = image.icns; path = "tellybox-on.icns"; sourceTree = "<group>"; };
		AEA828930F16B0180036F466 /* AppController.h */ = {isa = PBXFileReference; fileEncoding = 4; lastKnownFileType = sourcecode.c.h; path = AppController.h; sourceTree = "<group>"; };
		AEA828940F16B0180036F466 /* AppController.m */ = {isa = PBXFileReference; fileEncoding = 4; lastKnownFileType = sourcecode.c.objc; path = AppController.m; sourceTree = "<group>"; };
		AEA828990F16B0180036F466 /* PreferencesWindowController.h */ = {isa = PBXFileReference; fileEncoding = 4; lastKnownFileType = sourcecode.c.h; path = PreferencesWindowController.h; sourceTree = "<group>"; };
		AEA8289A0F16B0180036F466 /* PreferencesWindowController.m */ = {isa = PBXFileReference; fileEncoding = 4; lastKnownFileType = sourcecode.c.objc; path = PreferencesWindowController.m; sourceTree = "<group>"; };
		AEA828A30F16B0530036F466 /* bbcfour.gif */ = {isa = PBXFileReference; lastKnownFileType = image.gif; path = bbcfour.gif; sourceTree = "<group>"; };
		AEA828A40F16B0530036F466 /* bbcnews.gif */ = {isa = PBXFileReference; lastKnownFileType = image.gif; path = bbcnews.gif; sourceTree = "<group>"; };
		AEA828A50F16B0530036F466 /* bbcone.gif */ = {isa = PBXFileReference; lastKnownFileType = image.gif; path = bbcone.gif; sourceTree = "<group>"; };
		AEA828A60F16B0530036F466 /* bbcthree.gif */ = {isa = PBXFileReference; lastKnownFileType = image.gif; path = bbcthree.gif; sourceTree = "<group>"; };
		AEA828A70F16B0530036F466 /* bbctwo.gif */ = {isa = PBXFileReference; lastKnownFileType = image.gif; path = bbctwo.gif; sourceTree = "<group>"; };
		AEA828A80F16B0530036F466 /* cbbc.gif */ = {isa = PBXFileReference; lastKnownFileType = image.gif; path = cbbc.gif; sourceTree = "<group>"; };
		AEA828A90F16B0530036F466 /* cbeebies.gif */ = {isa = PBXFileReference; lastKnownFileType = image.gif; path = cbeebies.gif; sourceTree = "<group>"; };
		AEA828AA0F16B0530036F466 /* parliament.gif */ = {isa = PBXFileReference; lastKnownFileType = image.gif; path = parliament.gif; sourceTree = "<group>"; };
		AEA828B40F16B0710036F466 /* dsa_pub.pem */ = {isa = PBXFileReference; fileEncoding = 4; lastKnownFileType = text; path = dsa_pub.pem; sourceTree = "<group>"; };
		AEA828B60F16B0710036F466 /* Growl Registration Ticket.growlRegDict */ = {isa = PBXFileReference; fileEncoding = 4; lastKnownFileType = text.xml; path = "Growl Registration Ticket.growlRegDict"; sourceTree = "<group>"; };
		AEA828BB0F16B0990036F466 /* Defaults.plist */ = {isa = PBXFileReference; fileEncoding = 4; lastKnownFileType = text.plist.xml; path = Defaults.plist; sourceTree = "<group>"; };
		AEA828BD0F16B0AE0036F466 /* MainWindow.xib */ = {isa = PBXFileReference; lastKnownFileType = file.xib; path = MainWindow.xib; sourceTree = "<group>"; };
		AEA828BE0F16B0AE0036F466 /* EmpView.xib */ = {isa = PBXFileReference; lastKnownFileType = file.xib; path = EmpView.xib; sourceTree = "<group>"; };
		AEA828BF0F16B0AE0036F466 /* Preferences.xib */ = {isa = PBXFileReference; lastKnownFileType = file.xib; path = Preferences.xib; sourceTree = "<group>"; };
		AEA828CE0F16B0BE0036F466 /* Growl.framework */ = {isa = PBXFileReference; lastKnownFileType = wrapper.framework; path = Growl.framework; sourceTree = "<group>"; };
		AEA828CF0F16B0BE0036F466 /* Sparkle.framework */ = {isa = PBXFileReference; lastKnownFileType = wrapper.framework; path = Sparkle.framework; sourceTree = "<group>"; };
		AEA828FA0F16B0D00036F466 /* WebKit.framework */ = {isa = PBXFileReference; lastKnownFileType = wrapper.framework; name = WebKit.framework; path = /System/Library/Frameworks/WebKit.framework; sourceTree = "<absolute>"; };
		AED6282E0F81352B00E2AC2A /* LICENSE.txt */ = {isa = PBXFileReference; fileEncoding = 4; lastKnownFileType = text; path = LICENSE.txt; sourceTree = "<group>"; };
		AED6282F0F81352B00E2AC2A /* NSCalendarDate+ISO8601Parsing.h */ = {isa = PBXFileReference; fileEncoding = 4; lastKnownFileType = sourcecode.c.h; path = "NSCalendarDate+ISO8601Parsing.h"; sourceTree = "<group>"; };
		AED628300F81352B00E2AC2A /* NSCalendarDate+ISO8601Parsing.m */ = {isa = PBXFileReference; fileEncoding = 4; lastKnownFileType = sourcecode.c.objc; path = "NSCalendarDate+ISO8601Parsing.m"; sourceTree = "<group>"; };
		AED628310F81352B00E2AC2A /* NSCalendarDate+ISO8601Unparsing.h */ = {isa = PBXFileReference; fileEncoding = 4; lastKnownFileType = sourcecode.c.h; path = "NSCalendarDate+ISO8601Unparsing.h"; sourceTree = "<group>"; };
		AED628320F81352B00E2AC2A /* NSCalendarDate+ISO8601Unparsing.m */ = {isa = PBXFileReference; fileEncoding = 4; lastKnownFileType = sourcecode.c.objc; path = "NSCalendarDate+ISO8601Unparsing.m"; sourceTree = "<group>"; };
		AEE32E1C0F702F5A0049E25F /* Credits.rtf */ = {isa = PBXFileReference; lastKnownFileType = text.rtf; path = Credits.rtf; sourceTree = "<group>"; };
/* End PBXFileReference section */

/* Begin PBXFrameworksBuildPhase section */
		8D11072E0486CEB800E47090 /* Frameworks */ = {
			isa = PBXFrameworksBuildPhase;
			buildActionMask = 2147483647;
			files = (
				8D11072F0486CEB800E47090 /* Cocoa.framework in Frameworks */,
				AEA828D00F16B0BE0036F466 /* Growl.framework in Frameworks */,
				AEA828D10F16B0BE0036F466 /* Sparkle.framework in Frameworks */,
				AEA828FB0F16B0D00036F466 /* WebKit.framework in Frameworks */,
			);
			runOnlyForDeploymentPostprocessing = 0;
		};
/* End PBXFrameworksBuildPhase section */

/* Begin PBXGroup section */
		1058C7A0FEA54F0111CA2CBB /* Linked Frameworks */ = {
			isa = PBXGroup;
			children = (
				AEA828CE0F16B0BE0036F466 /* Growl.framework */,
				AEA828CF0F16B0BE0036F466 /* Sparkle.framework */,
				1058C7A1FEA54F0111CA2CBB /* Cocoa.framework */,
			);
			name = "Linked Frameworks";
			sourceTree = "<group>";
		};
		1058C7A2FEA54F0111CA2CBB /* Other Frameworks */ = {
			isa = PBXGroup;
			children = (
				AEA828FA0F16B0D00036F466 /* WebKit.framework */,
				29B97324FDCFA39411CA2CEA /* AppKit.framework */,
				29B97325FDCFA39411CA2CEA /* Foundation.framework */,
			);
			name = "Other Frameworks";
			sourceTree = "<group>";
		};
		19C28FACFE9D520D11CA2CBB /* Products */ = {
			isa = PBXGroup;
			children = (
				8D1107320486CEB800E47090 /* TellyBox.app */,
			);
			name = Products;
			sourceTree = "<group>";
		};
		29B97314FDCFA39411CA2CEA /* TellyBox */ = {
			isa = PBXGroup;
			children = (
				AE2347AD0F6D74A8003C6025 /* Classes */,
				AEA828640F16AD0F0036F466 /* Images */,
				AE2347D10F6D7533003C6025 /* Views */,
				AEA828920F16B0180036F466 /* Controllers */,
				29B97315FDCFA39411CA2CEA /* Other Sources */,
				29B97317FDCFA39411CA2CEA /* Resources */,
				29B97323FDCFA39411CA2CEA /* Frameworks */,
				19C28FACFE9D520D11CA2CBB /* Products */,
			);
			name = TellyBox;
			sourceTree = "<group>";
		};
		29B97315FDCFA39411CA2CEA /* Other Sources */ = {
			isa = PBXGroup;
			children = (
				32CA4F630368D1EE00C91783 /* TellyBox_Prefix.pch */,
				29B97316FDCFA39411CA2CEA /* main.m */,
			);
			name = "Other Sources";
			sourceTree = "<group>";
		};
		29B97317FDCFA39411CA2CEA /* Resources */ = {
			isa = PBXGroup;
			children = (
				AE17C0E80F74069D00F8C4C8 /* tellybox.icns */,
				AE731D200F72929A00678169 /* tellybox-on.icns */,
				AEE32E1C0F702F5A0049E25F /* Credits.rtf */,
				AE215D6D0F16B48A000E7B70 /* live.html */,
				AE215D6E0F16B48A000E7B70 /* emp.html */,
				AEA828BD0F16B0AE0036F466 /* MainWindow.xib */,
				AEA828BE0F16B0AE0036F466 /* EmpView.xib */,
				AEA828BF0F16B0AE0036F466 /* Preferences.xib */,
				1DDD58140DA1D0A300B32029 /* MainMenu.xib */,
				AEA828BB0F16B0990036F466 /* Defaults.plist */,
				AEA828B40F16B0710036F466 /* dsa_pub.pem */,
				AEA828B60F16B0710036F466 /* Growl Registration Ticket.growlRegDict */,
				8D1107310486CEB800E47090 /* Info.plist */,
				089C165CFE840E0CC02AAC07 /* InfoPlist.strings */,
			);
			name = Resources;
			sourceTree = "<group>";
		};
		29B97323FDCFA39411CA2CEA /* Frameworks */ = {
			isa = PBXGroup;
			children = (
				1058C7A0FEA54F0111CA2CBB /* Linked Frameworks */,
				1058C7A2FEA54F0111CA2CBB /* Other Frameworks */,
			);
			name = Frameworks;
			sourceTree = "<group>";
		};
		AE2347AD0F6D74A8003C6025 /* Classes */ = {
			isa = PBXGroup;
			children = (
				AED6282D0F81352B00E2AC2A /* ISO-8601-parser-0.4 */,
				AE3FF5AA0F7A247C006C8B21 /* BBCProgrammes */,
				AE3FF4D20F7A1DF3006C8B21 /* pw_TvAndRadioBotPassword.h */,
				AE2347AE0F6D74A8003C6025 /* MATwitterEngine */,
			);
			name = Classes;
			sourceTree = "<group>";
		};
		AE2347AE0F6D74A8003C6025 /* MATwitterEngine */ = {
			isa = PBXGroup;
			children = (
				AE2347BF0F6D74A8003C6025 /* MGTwitterEngineGlobalHeader.h */,
				AE2347C00F6D74A8003C6025 /* MGTwitterEngine.h */,
				AE2347C10F6D74A8003C6025 /* MGTwitterEngine.m */,
				AE2347C20F6D74A8003C6025 /* MGTwitterEngineDelegate.h */,
				AE2347C30F6D74A8003C6025 /* MGTwitterHTTPURLConnection.h */,
				AE2347C40F6D74A8003C6025 /* MGTwitterHTTPURLConnection.m */,
				AE2347C50F6D74A8003C6025 /* MGTwitterRequestTypes.h */,
				AE2347C60F6D74A8003C6025 /* MGTwitterParserDelegate.h */,
				AE2347B40F6D74A8003C6025 /* Twitter NSXML Parsers */,
				AE2347AF0F6D74A8003C6025 /* Categories */,
			);
			name = MATwitterEngine;
			sourceTree = "<group>";
		};
		AE2347AF0F6D74A8003C6025 /* Categories */ = {
			isa = PBXGroup;
			children = (
				AE2347B00F6D74A8003C6025 /* NSString+UUID.h */,
				AE2347B10F6D74A8003C6025 /* NSString+UUID.m */,
				AE2347B20F6D74A8003C6025 /* NSData+Base64.h */,
				AE2347B30F6D74A8003C6025 /* NSData+Base64.m */,
			);
			name = Categories;
			sourceTree = "<group>";
		};
		AE2347B40F6D74A8003C6025 /* Twitter NSXML Parsers */ = {
			isa = PBXGroup;
			children = (
				AE2347B50F6D74A8003C6025 /* MGTwitterXMLParser.h */,
				AE2347B60F6D74A8003C6025 /* MGTwitterXMLParser.m */,
				AE2347B70F6D74A8003C6025 /* MGTwitterStatusesParser.h */,
				AE2347B80F6D74A8003C6025 /* MGTwitterStatusesParser.m */,
				AE2347B90F6D74A8003C6025 /* MGTwitterUsersParser.h */,
				AE2347BA0F6D74A8003C6025 /* MGTwitterUsersParser.m */,
				AE2347BB0F6D74A8003C6025 /* MGTwitterMessagesParser.h */,
				AE2347BC0F6D74A8003C6025 /* MGTwitterMessagesParser.m */,
				AE2347BD0F6D74A8003C6025 /* MGTwitterMiscParser.h */,
				AE2347BE0F6D74A8003C6025 /* MGTwitterMiscParser.m */,
			);
			name = "Twitter NSXML Parsers";
			sourceTree = "<group>";
		};
		AE2347D10F6D7533003C6025 /* Views */ = {
			isa = PBXGroup;
			children = (
				AE2347D20F6D7533003C6025 /* DockView.h */,
				AE2347D30F6D7533003C6025 /* DockView.m */,
			);
			name = Views;
			sourceTree = "<group>";
		};
		AE3FF5AA0F7A247C006C8B21 /* BBCProgrammes */ = {
			isa = PBXGroup;
			children = (
				AE3FF5AB0F7A247C006C8B21 /* BBCBroadcast.h */,
				AE3FF5AC0F7A247C006C8B21 /* BBCBroadcast.m */,
				AE3FF5AD0F7A247C006C8B21 /* BBCSchedule.h */,
				AE3FF5AE0F7A247C006C8B21 /* BBCSchedule.m */,
				AE3FF5AF0F7A247C006C8B21 /* BBCService.h */,
				AE3FF5B00F7A247C006C8B21 /* BBCService.m */,
				AE3FF5B10F7A247C006C8B21 /* Categories */,
			);
			name = BBCProgrammes;
			path = "../../code.whomwah.com/public/objective-c/BBCProgrammes";
			sourceTree = SOURCE_ROOT;
		};
		AE3FF5B10F7A247C006C8B21 /* Categories */ = {
			isa = PBXGroup;
			children = (
				AE3FF5B20F7A247C006C8B21 /* DRNSString-Utilities.h */,
				AE3FF5B30F7A247C006C8B21 /* DRNSString-Utilities.m */,
			);
			path = Categories;
			sourceTree = "<group>";
		};
		AEA828640F16AD0F0036F466 /* Images */ = {
			isa = PBXGroup;
			children = (
				AE17C0C00F73FFC400F8C4C8 /* tcard.png */,
				AE2347D50F6D7548003C6025 /* robot.jpg */,
				AEA828A30F16B0530036F466 /* bbcfour.gif */,
				AEA828A40F16B0530036F466 /* bbcnews.gif */,
				AEA828A50F16B0530036F466 /* bbcone.gif */,
				AEA828A60F16B0530036F466 /* bbcthree.gif */,
				AEA828A70F16B0530036F466 /* bbctwo.gif */,
				AEA828A80F16B0530036F466 /* cbbc.gif */,
				AEA828A90F16B0530036F466 /* cbeebies.gif */,
				AEA828AA0F16B0530036F466 /* parliament.gif */,
			);
			name = Images;
			sourceTree = "<group>";
		};
		AEA828920F16B0180036F466 /* Controllers */ = {
			isa = PBXGroup;
			children = (
				AEA828930F16B0180036F466 /* AppController.h */,
				AEA828940F16B0180036F466 /* AppController.m */,
				AE215D2C0F16B201000E7B70 /* MainWindowController.h */,
				AE215D2D0F16B201000E7B70 /* MainWindowController.m */,
				AE215D2A0F16B201000E7B70 /* EmpViewController.h */,
				AE215D2B0F16B201000E7B70 /* EmpViewController.m */,
				AEA828990F16B0180036F466 /* PreferencesWindowController.h */,
				AEA8289A0F16B0180036F466 /* PreferencesWindowController.m */,
			);
			name = Controllers;
			sourceTree = "<group>";
		};
		AED6282D0F81352B00E2AC2A /* ISO-8601-parser-0.4 */ = {
			isa = PBXGroup;
			children = (
				AED6282E0F81352B00E2AC2A /* LICENSE.txt */,
				AED6282F0F81352B00E2AC2A /* NSCalendarDate+ISO8601Parsing.h */,
				AED628300F81352B00E2AC2A /* NSCalendarDate+ISO8601Parsing.m */,
				AED628310F81352B00E2AC2A /* NSCalendarDate+ISO8601Unparsing.h */,
				AED628320F81352B00E2AC2A /* NSCalendarDate+ISO8601Unparsing.m */,
			);
			name = "ISO-8601-parser-0.4";
			path = "../../code.whomwah.com/public/objective-c/ISO-8601-parser-0.4";
			sourceTree = SOURCE_ROOT;
		};
/* End PBXGroup section */

/* Begin PBXNativeTarget section */
		8D1107260486CEB800E47090 /* TellyBox */ = {
			isa = PBXNativeTarget;
			buildConfigurationList = C01FCF4A08A954540054247B /* Build configuration list for PBXNativeTarget "TellyBox" */;
			buildPhases = (
				8D1107290486CEB800E47090 /* Resources */,
				8D11072C0486CEB800E47090 /* Sources */,
				8D11072E0486CEB800E47090 /* Frameworks */,
				AE215D290F16B1D0000E7B70 /* CopyFiles */,
			);
			buildRules = (
			);
			dependencies = (
			);
			name = TellyBox;
			productInstallPath = "$(HOME)/Applications";
			productName = TellyBox;
			productReference = 8D1107320486CEB800E47090 /* TellyBox.app */;
			productType = "com.apple.product-type.application";
		};
/* End PBXNativeTarget section */

/* Begin PBXProject section */
		29B97313FDCFA39411CA2CEA /* Project object */ = {
			isa = PBXProject;
			buildConfigurationList = C01FCF4E08A954540054247B /* Build configuration list for PBXProject "TellyBox" */;
			compatibilityVersion = "Xcode 3.1";
			hasScannedForEncodings = 1;
			mainGroup = 29B97314FDCFA39411CA2CEA /* TellyBox */;
			projectDirPath = "";
			projectRoot = "";
			targets = (
				8D1107260486CEB800E47090 /* TellyBox */,
			);
		};
/* End PBXProject section */

/* Begin PBXResourcesBuildPhase section */
		8D1107290486CEB800E47090 /* Resources */ = {
			isa = PBXResourcesBuildPhase;
			buildActionMask = 2147483647;
			files = (
				8D11072B0486CEB800E47090 /* InfoPlist.strings in Resources */,
				1DDD58160DA1D0A300B32029 /* MainMenu.xib in Resources */,
				AEA828AB0F16B0530036F466 /* bbcfour.gif in Resources */,
				AEA828AC0F16B0530036F466 /* bbcnews.gif in Resources */,
				AEA828AD0F16B0530036F466 /* bbcone.gif in Resources */,
				AEA828AE0F16B0530036F466 /* bbcthree.gif in Resources */,
				AEA828AF0F16B0530036F466 /* bbctwo.gif in Resources */,
				AEA828B00F16B0530036F466 /* cbbc.gif in Resources */,
				AEA828B10F16B0530036F466 /* cbeebies.gif in Resources */,
				AEA828B20F16B0530036F466 /* parliament.gif in Resources */,
				AEA828B80F16B0710036F466 /* dsa_pub.pem in Resources */,
				AEA828BA0F16B0710036F466 /* Growl Registration Ticket.growlRegDict in Resources */,
				AEA828BC0F16B0990036F466 /* Defaults.plist in Resources */,
				AEA828C00F16B0AE0036F466 /* MainWindow.xib in Resources */,
				AEA828C10F16B0AE0036F466 /* EmpView.xib in Resources */,
				AEA828C20F16B0AE0036F466 /* Preferences.xib in Resources */,
				AE215D6F0F16B48A000E7B70 /* live.html in Resources */,
				AE215D700F16B48A000E7B70 /* emp.html in Resources */,
				AE2347D60F6D7548003C6025 /* robot.jpg in Resources */,
				AEE32E1D0F702F5A0049E25F /* Credits.rtf in Resources */,
				AE731D210F72929A00678169 /* tellybox-on.icns in Resources */,
				AE17C0C10F73FFC400F8C4C8 /* tcard.png in Resources */,
				AE17C0E90F74069D00F8C4C8 /* tellybox.icns in Resources */,
				AED628330F81352B00E2AC2A /* LICENSE.txt in Resources */,
			);
			runOnlyForDeploymentPostprocessing = 0;
		};
/* End PBXResourcesBuildPhase section */

/* Begin PBXSourcesBuildPhase section */
		8D11072C0486CEB800E47090 /* Sources */ = {
			isa = PBXSourcesBuildPhase;
			buildActionMask = 2147483647;
			files = (
				8D11072D0486CEB800E47090 /* main.m in Sources */,
				AEA8289F0F16B0180036F466 /* AppController.m in Sources */,
				AEA828A20F16B0180036F466 /* PreferencesWindowController.m in Sources */,
				AE215D2E0F16B201000E7B70 /* EmpViewController.m in Sources */,
				AE215D2F0F16B201000E7B70 /* MainWindowController.m in Sources */,
				AE2347C80F6D74A8003C6025 /* NSString+UUID.m in Sources */,
				AE2347C90F6D74A8003C6025 /* NSData+Base64.m in Sources */,
				AE2347CA0F6D74A8003C6025 /* MGTwitterXMLParser.m in Sources */,
				AE2347CB0F6D74A8003C6025 /* MGTwitterStatusesParser.m in Sources */,
				AE2347CC0F6D74A8003C6025 /* MGTwitterUsersParser.m in Sources */,
				AE2347CD0F6D74A8003C6025 /* MGTwitterMessagesParser.m in Sources */,
				AE2347CE0F6D74A8003C6025 /* MGTwitterMiscParser.m in Sources */,
				AE2347CF0F6D74A8003C6025 /* MGTwitterEngine.m in Sources */,
				AE2347D00F6D74A8003C6025 /* MGTwitterHTTPURLConnection.m in Sources */,
				AE2347D40F6D7533003C6025 /* DockView.m in Sources */,
				AE3FF5B40F7A247C006C8B21 /* BBCBroadcast.m in Sources */,
				AE3FF5B50F7A247C006C8B21 /* BBCSchedule.m in Sources */,
				AE3FF5B60F7A247C006C8B21 /* BBCService.m in Sources */,
				AE3FF5B70F7A247C006C8B21 /* DRNSString-Utilities.m in Sources */,
				AED628340F81352B00E2AC2A /* NSCalendarDate+ISO8601Parsing.m in Sources */,
				AED628350F81352B00E2AC2A /* NSCalendarDate+ISO8601Unparsing.m in Sources */,
			);
			runOnlyForDeploymentPostprocessing = 0;
		};
/* End PBXSourcesBuildPhase section */

/* Begin PBXVariantGroup section */
		089C165CFE840E0CC02AAC07 /* InfoPlist.strings */ = {
			isa = PBXVariantGroup;
			children = (
				089C165DFE840E0CC02AAC07 /* English */,
			);
			name = InfoPlist.strings;
			sourceTree = "<group>";
		};
		1DDD58140DA1D0A300B32029 /* MainMenu.xib */ = {
			isa = PBXVariantGroup;
			children = (
				1DDD58150DA1D0A300B32029 /* English */,
			);
			name = MainMenu.xib;
			sourceTree = "<group>";
		};
/* End PBXVariantGroup section */

/* Begin XCBuildConfiguration section */
		C01FCF4B08A954540054247B /* Debug */ = {
			isa = XCBuildConfiguration;
			buildSettings = {
				ALWAYS_SEARCH_USER_PATHS = NO;
				COPY_PHASE_STRIP = NO;
				FRAMEWORK_SEARCH_PATHS = (
					"$(inherited)",
					"\"$(SRCROOT)\"",
				);
				GCC_DYNAMIC_NO_PIC = NO;
				GCC_ENABLE_FIX_AND_CONTINUE = YES;
				GCC_MODEL_TUNING = G5;
				GCC_OPTIMIZATION_LEVEL = 0;
				GCC_PRECOMPILE_PREFIX_HEADER = YES;
				GCC_PREFIX_HEADER = TellyBox_Prefix.pch;
				INFOPLIST_FILE = Info.plist;
				INSTALL_PATH = "$(HOME)/Applications";
				PRODUCT_NAME = TellyBox;
			};
			name = Debug;
		};
		C01FCF4C08A954540054247B /* Release */ = {
			isa = XCBuildConfiguration;
			buildSettings = {
				ALWAYS_SEARCH_USER_PATHS = NO;
				DEBUG_INFORMATION_FORMAT = "dwarf-with-dsym";
				FRAMEWORK_SEARCH_PATHS = (
					"$(inherited)",
					"\"$(SRCROOT)\"",
				);
				GCC_MODEL_TUNING = G5;
				GCC_PRECOMPILE_PREFIX_HEADER = YES;
				GCC_PREFIX_HEADER = TellyBox_Prefix.pch;
				INFOPLIST_FILE = Info.plist;
				INSTALL_PATH = "$(HOME)/Applications";
				PRODUCT_NAME = TellyBox;
			};
			name = Release;
		};
		C01FCF4F08A954540054247B /* Debug */ = {
			isa = XCBuildConfiguration;
			buildSettings = {
				ARCHS = "$(ARCHS_STANDARD_32_BIT)";
				GCC_C_LANGUAGE_STANDARD = c99;
				GCC_OPTIMIZATION_LEVEL = 0;
				GCC_WARN_ABOUT_RETURN_TYPE = YES;
				GCC_WARN_UNUSED_VARIABLE = YES;
				ONLY_ACTIVE_ARCH = YES;
				PREBINDING = NO;
				SDKROOT = macosx10.5;
			};
			name = Debug;
		};
		C01FCF5008A954540054247B /* Release */ = {
			isa = XCBuildConfiguration;
			buildSettings = {
				ARCHS = "$(ARCHS_STANDARD_32_BIT)";
				GCC_C_LANGUAGE_STANDARD = c99;
				GCC_WARN_ABOUT_RETURN_TYPE = YES;
				GCC_WARN_UNUSED_VARIABLE = YES;
				PREBINDING = NO;
				SDKROOT = macosx10.5;
			};
			name = Release;
		};
/* End XCBuildConfiguration section */

/* Begin XCConfigurationList section */
		C01FCF4A08A954540054247B /* Build configuration list for PBXNativeTarget "TellyBox" */ = {
			isa = XCConfigurationList;
			buildConfigurations = (
				C01FCF4B08A954540054247B /* Debug */,
				C01FCF4C08A954540054247B /* Release */,
			);
			defaultConfigurationIsVisible = 0;
			defaultConfigurationName = Release;
		};
		C01FCF4E08A954540054247B /* Build configuration list for PBXProject "TellyBox" */ = {
			isa = XCConfigurationList;
			buildConfigurations = (
				C01FCF4F08A954540054247B /* Debug */,
				C01FCF5008A954540054247B /* Release */,
			);
			defaultConfigurationIsVisible = 0;
			defaultConfigurationName = Release;
		};
/* End XCConfigurationList section */
	};
	rootObject = 29B97313FDCFA39411CA2CEA /* Project object */;
}
